
Microsoft Visual Studio Solution File, Format Version 12.00
# Visual Studio Version 16
VisualStudioVersion = 16.0.30310.162
MinimumVisualStudioVersion = 10.0.40219.1
Project("{FAE04EC0-301F-11D3-BF4B-00C04F79EFBC}") = "StrykerDG.Discord.StrykerBot", "StrykerDG.Discord.StrykerBot.csproj", "{C3E2098D-D0CA-4940-AA0E-D61BDC7E7DC8}"
EndProject
Global
	GlobalSection(SolutionConfigurationPlatforms) = preSolution
		Debug|Any CPU = Debug|Any CPU
		Release|Any CPU = Release|Any CPU
	EndGlobalSection
	GlobalSection(ProjectConfigurationPlatforms) = postSolution
		{C3E2098D-D0CA-4940-AA0E-D61BDC7E7DC8}.Debug|Any CPU.ActiveCfg = Debug|Any CPU
		{C3E2098D-D0CA-4940-AA0E-D61BDC7E7DC8}.Debug|Any CPU.Build.0 = Debug|Any CPU
		{C3E2098D-D0CA-4940-AA0E-D61BDC7E7DC8}.Release|Any CPU.ActiveCfg = Release|Any CPU
		{C3E2098D-D0CA-4940-AA0E-D61BDC7E7DC8}.Release|Any CPU.Build.0 = Release|Any CPU
	EndGlobalSection
	GlobalSection(SolutionProperties) = preSolution
		HideSolutionNode = FALSE
	EndGlobalSection
	GlobalSection(ExtensibilityGlobals) = postSolution
		SolutionGuid = {86FE8B66-D911-477B-AEB2-5CD2422E019F}
	EndGlobalSection
EndGlobal
